{
  "originHash" : "b45c6e5f9fc10359ee048dd749167664a331e7d32bf67ace44f61d37039231b3",
  "pins" : [
    {
      "identity" : "suirouting",
      "kind" : "remoteSourceControl",
      "location" : "https://github.com/obadasemary/SUIRouting.git",
      "state" : {
        "revision" : "f21ce56a0a823a5cdf05b239c77f2c2ac2a077d4",
        "version" : "1.0.7"
      }
    }
  ],
  "version" : 3
}
